
Microsoft Visual Studio Solution File, Format Version 12.00
# Visual Studio Version 17
VisualStudioVersion = 17.4.33122.133
MinimumVisualStudioVersion = 10.0.40219.1
Project("{2150E333-8FDC-42A3-9474-1A3956D46DE8}") = "Application Business Rules", "Application Business Rules", "{50F6B877-C8CF-4680-BA98-D861741EC9C4}"
EndProject
Project("{2150E333-8FDC-42A3-9474-1A3956D46DE8}") = "Enterprise Business Rules", "Enterprise Business Rules", "{2254865E-D2B3-46D7-8FD8-3A2BACAC76FB}"
EndProject
Project("{2150E333-8FDC-42A3-9474-1A3956D46DE8}") = "Frameworks And Drivers", "Frameworks And Drivers", "{E4BD45EC-5968-4EBB-A0F1-54B2976EEA43}"
EndProject
Project("{2150E333-8FDC-42A3-9474-1A3956D46DE8}") = "Interface Adapters", "Interface Adapters", "{3AE4388C-2409-43A4-901C-6EBF4587B6A9}"
EndProject
Project("{2150E333-8FDC-42A3-9474-1A3956D46DE8}") = "Gateways", "Gateways", "{2F83E3D9-7F9C-420C-9089-B0781256F9E3}"
EndProject
Project("{FAE04EC0-301F-11D3-BF4B-00C04F79EFBC}") = "SistemaBancario.Repository", "src\SistemaBancario.Repository\SistemaBancario.Repository.csproj", "{B92FE2BF-98F9-4701-924F-52FCA6EB29D0}"
EndProject
Project("{FAE04EC0-301F-11D3-BF4B-00C04F79EFBC}") = "SistemaBancario.Entities", "src\SistemaBancario.Entities\SistemaBancario.Entities.csproj", "{DD8E9CD9-4EC9-4902-A374-23A46E17302A}"
EndProject
Project("{FAE04EC0-301F-11D3-BF4B-00C04F79EFBC}") = "SistemaBancario.DTOs", "src\SistemaBancario.DTOs\SistemaBancario.DTOs.csproj", "{091192BA-7C32-475E-95DA-9547ED1F2071}"
EndProject
Project("{FAE04EC0-301F-11D3-BF4B-00C04F79EFBC}") = "SistemaBancario.UseCasesPorts", "src\SistemaBancario.UseCasesPorts\SistemaBancario.UseCasesPorts.csproj", "{394A7ECF-2952-4A01-8AF8-DD04ADE352DE}"
EndProject
Project("{FAE04EC0-301F-11D3-BF4B-00C04F79EFBC}") = "SistemaBancario.UseCases", "src\SistemaBancario.UseCases\SistemaBancario.UseCases.csproj", "{37B5CA77-1C11-4B8B-AA8E-F79BA3FDFDD3}"
EndProject
Global
	GlobalSection(SolutionConfigurationPlatforms) = preSolution
		Debug|Any CPU = Debug|Any CPU
		Release|Any CPU = Release|Any CPU
	EndGlobalSection
	GlobalSection(ProjectConfigurationPlatforms) = postSolution
		{B92FE2BF-98F9-4701-924F-52FCA6EB29D0}.Debug|Any CPU.ActiveCfg = Debug|Any CPU
		{B92FE2BF-98F9-4701-924F-52FCA6EB29D0}.Debug|Any CPU.Build.0 = Debug|Any CPU
		{B92FE2BF-98F9-4701-924F-52FCA6EB29D0}.Release|Any CPU.ActiveCfg = Release|Any CPU
		{B92FE2BF-98F9-4701-924F-52FCA6EB29D0}.Release|Any CPU.Build.0 = Release|Any CPU
		{DD8E9CD9-4EC9-4902-A374-23A46E17302A}.Debug|Any CPU.ActiveCfg = Debug|Any CPU
		{DD8E9CD9-4EC9-4902-A374-23A46E17302A}.Debug|Any CPU.Build.0 = Debug|Any CPU
		{DD8E9CD9-4EC9-4902-A374-23A46E17302A}.Release|Any CPU.ActiveCfg = Release|Any CPU
		{DD8E9CD9-4EC9-4902-A374-23A46E17302A}.Release|Any CPU.Build.0 = Release|Any CPU
		{091192BA-7C32-475E-95DA-9547ED1F2071}.Debug|Any CPU.ActiveCfg = Debug|Any CPU
		{091192BA-7C32-475E-95DA-9547ED1F2071}.Debug|Any CPU.Build.0 = Debug|Any CPU
		{091192BA-7C32-475E-95DA-9547ED1F2071}.Release|Any CPU.ActiveCfg = Release|Any CPU
		{091192BA-7C32-475E-95DA-9547ED1F2071}.Release|Any CPU.Build.0 = Release|Any CPU
		{394A7ECF-2952-4A01-8AF8-DD04ADE352DE}.Debug|Any CPU.ActiveCfg = Debug|Any CPU
		{394A7ECF-2952-4A01-8AF8-DD04ADE352DE}.Debug|Any CPU.Build.0 = Debug|Any CPU
		{394A7ECF-2952-4A01-8AF8-DD04ADE352DE}.Release|Any CPU.ActiveCfg = Release|Any CPU
		{394A7ECF-2952-4A01-8AF8-DD04ADE352DE}.Release|Any CPU.Build.0 = Release|Any CPU
		{37B5CA77-1C11-4B8B-AA8E-F79BA3FDFDD3}.Debug|Any CPU.ActiveCfg = Debug|Any CPU
		{37B5CA77-1C11-4B8B-AA8E-F79BA3FDFDD3}.Debug|Any CPU.Build.0 = Debug|Any CPU
		{37B5CA77-1C11-4B8B-AA8E-F79BA3FDFDD3}.Release|Any CPU.ActiveCfg = Release|Any CPU
		{37B5CA77-1C11-4B8B-AA8E-F79BA3FDFDD3}.Release|Any CPU.Build.0 = Release|Any CPU
	EndGlobalSection
	GlobalSection(SolutionProperties) = preSolution
		HideSolutionNode = FALSE
	EndGlobalSection
	GlobalSection(NestedProjects) = preSolution
		{2F83E3D9-7F9C-420C-9089-B0781256F9E3} = {3AE4388C-2409-43A4-901C-6EBF4587B6A9}
		{B92FE2BF-98F9-4701-924F-52FCA6EB29D0} = {2F83E3D9-7F9C-420C-9089-B0781256F9E3}
		{DD8E9CD9-4EC9-4902-A374-23A46E17302A} = {2254865E-D2B3-46D7-8FD8-3A2BACAC76FB}
		{091192BA-7C32-475E-95DA-9547ED1F2071} = {50F6B877-C8CF-4680-BA98-D861741EC9C4}
		{394A7ECF-2952-4A01-8AF8-DD04ADE352DE} = {50F6B877-C8CF-4680-BA98-D861741EC9C4}
		{37B5CA77-1C11-4B8B-AA8E-F79BA3FDFDD3} = {50F6B877-C8CF-4680-BA98-D861741EC9C4}
	EndGlobalSection
	GlobalSection(ExtensibilityGlobals) = postSolution
		SolutionGuid = {9D92B1C9-C9E6-4D7C-8E7B-BF132E969646}
	EndGlobalSection
EndGlobal
